
Microsoft Visual Studio Solution File, Format Version 12.00
# Visual Studio Version 17
VisualStudioVersion = 17.6.33723.286
MinimumVisualStudioVersion = 10.0.40219.1
Project("{FAE04EC0-301F-11D3-BF4B-00C04F79EFBC}") = "ToDoAppBlazor", "ToDoAppBlazor\ToDoAppBlazor.csproj", "{890C4C5C-8A73-4064-8EAC-AFDF76186F4A}"
EndProject
Global
	GlobalSection(SolutionConfigurationPlatforms) = preSolution
		Debug|Any CPU = Debug|Any CPU
		Release|Any CPU = Release|Any CPU
	EndGlobalSection
	GlobalSection(ProjectConfigurationPlatforms) = postSolution
		{890C4C5C-8A73-4064-8EAC-AFDF76186F4A}.Debug|Any CPU.ActiveCfg = Debug|Any CPU
		{890C4C5C-8A73-4064-8EAC-AFDF76186F4A}.Debug|Any CPU.Build.0 = Debug|Any CPU
		{890C4C5C-8A73-4064-8EAC-AFDF76186F4A}.Release|Any CPU.ActiveCfg = Release|Any CPU
		{890C4C5C-8A73-4064-8EAC-AFDF76186F4A}.Release|Any CPU.Build.0 = Release|Any CPU
	EndGlobalSection
	GlobalSection(SolutionProperties) = preSolution
		HideSolutionNode = FALSE
	EndGlobalSection
	GlobalSection(ExtensibilityGlobals) = postSolution
		SolutionGuid = {ADAB2D8F-4A85-4B2C-A6C1-CD7298E1D3A1}
	EndGlobalSection
EndGlobal
